
Microsoft Visual Studio Solution File, Format Version 12.00
# Visual Studio Version 17
VisualStudioVersion = 17.2.32630.192
MinimumVisualStudioVersion = 10.0.40219.1
Project("{9A19103F-16F7-4668-BE54-9A1E7A4F7556}") = "EventSourcingImplementation", "EventSourcingImplementation\EventSourcingImplementation.csproj", "{7A6226C7-23AF-4EB4-8EF9-1174B32AC762}"
EndProject
Project("{FAE04EC0-301F-11D3-BF4B-00C04F79EFBC}") = "EventSourcing.Test", "EventSourcing.Test\EventSourcing.Test.csproj", "{DF265165-DB7D-482A-B0F0-C60B3DB7D14F}"
EndProject
Global
	GlobalSection(SolutionConfigurationPlatforms) = preSolution
		Debug|Any CPU = Debug|Any CPU
		Release|Any CPU = Release|Any CPU
	EndGlobalSection
	GlobalSection(ProjectConfigurationPlatforms) = postSolution
		{7A6226C7-23AF-4EB4-8EF9-1174B32AC762}.Debug|Any CPU.ActiveCfg = Debug|Any CPU
		{7A6226C7-23AF-4EB4-8EF9-1174B32AC762}.Debug|Any CPU.Build.0 = Debug|Any CPU
		{7A6226C7-23AF-4EB4-8EF9-1174B32AC762}.Release|Any CPU.ActiveCfg = Release|Any CPU
		{7A6226C7-23AF-4EB4-8EF9-1174B32AC762}.Release|Any CPU.Build.0 = Release|Any CPU
		{DF265165-DB7D-482A-B0F0-C60B3DB7D14F}.Debug|Any CPU.ActiveCfg = Debug|Any CPU
		{DF265165-DB7D-482A-B0F0-C60B3DB7D14F}.Debug|Any CPU.Build.0 = Debug|Any CPU
		{DF265165-DB7D-482A-B0F0-C60B3DB7D14F}.Release|Any CPU.ActiveCfg = Release|Any CPU
		{DF265165-DB7D-482A-B0F0-C60B3DB7D14F}.Release|Any CPU.Build.0 = Release|Any CPU
	EndGlobalSection
	GlobalSection(SolutionProperties) = preSolution
		HideSolutionNode = FALSE
	EndGlobalSection
	GlobalSection(ExtensibilityGlobals) = postSolution
		SolutionGuid = {684AEA84-BBF2-40C2-9D37-3CADA5D84C09}
	EndGlobalSection
EndGlobal
